
Microsoft Visual Studio Solution File, Format Version 12.00
# Visual Studio 2015
Project("{FAE04EC0-301F-11D3-BF4B-00C04F79EFBC}") = "AR App", "AR App.csproj", "{1171D4C6-1927-D5CC-F4BB-D1A3D6787DA5}"
EndProject
Project("{FAE04EC0-301F-11D3-BF4B-00C04F79EFBC}") = "AR App.Editor", "AR App.Editor.csproj", "{A3B0CB39-F184-7CFA-1694-8A092599F402}"
EndProject
Global
	GlobalSection(SolutionConfigurationPlatforms) = preSolution
		Debug|Any CPU = Debug|Any CPU
		Release|Any CPU = Release|Any CPU
	EndGlobalSection
	GlobalSection(ProjectConfigurationPlatforms) = postSolution
		{1171D4C6-1927-D5CC-F4BB-D1A3D6787DA5}.Debug|Any CPU.ActiveCfg = Debug|Any CPU
		{1171D4C6-1927-D5CC-F4BB-D1A3D6787DA5}.Debug|Any CPU.Build.0 = Debug|Any CPU
		{1171D4C6-1927-D5CC-F4BB-D1A3D6787DA5}.Release|Any CPU.ActiveCfg = Release|Any CPU
		{1171D4C6-1927-D5CC-F4BB-D1A3D6787DA5}.Release|Any CPU.Build.0 = Release|Any CPU
		{A3B0CB39-F184-7CFA-1694-8A092599F402}.Debug|Any CPU.ActiveCfg = Debug|Any CPU
		{A3B0CB39-F184-7CFA-1694-8A092599F402}.Debug|Any CPU.Build.0 = Debug|Any CPU
		{A3B0CB39-F184-7CFA-1694-8A092599F402}.Release|Any CPU.ActiveCfg = Release|Any CPU
		{A3B0CB39-F184-7CFA-1694-8A092599F402}.Release|Any CPU.Build.0 = Release|Any CPU
	EndGlobalSection
	GlobalSection(SolutionProperties) = preSolution
		HideSolutionNode = FALSE
	EndGlobalSection
EndGlobal
